// !$*UTF8*$!
{
	archiveVersion = 1;
	classes = {
	};
	objectVersion = 50;
	objects = {

/* Begin PBXBuildFile section */
		CB6AD11724D2E75D00852665 /* LzAlbumVC.m in Sources */ = {isa = PBXBuildFile; fileRef = CB6AD11524D2E75D00852665 /* LzAlbumVC.m */; };
		CB6AD11824D2E75D00852665 /* LzAlbumVC.xib in Resources */ = {isa = PBXBuildFile; fileRef = CB6AD11624D2E75D00852665 /* LzAlbumVC.xib */; };
		CBE1C7C524DA91F4000CC0E9 /* LzJsAsset.m in Sources */ = {isa = PBXBuildFile; fileRef = CBE1C7C424DA91F4000CC0E9 /* LzJsAsset.m */; };
		CBFB778724D7A31C00224D18 /* check_false.png in Resources */ = {isa = PBXBuildFile; fileRef = CBFB778524D7A31C00224D18 /* check_false.png */; };
		CBFB778824D7A31C00224D18 /* check_true.png in Resources */ = {isa = PBXBuildFile; fileRef = CBFB778624D7A31C00224D18 /* check_true.png */; };
		CBFB778C24D7ACD500224D18 /* LzVideoPreviewVC.m in Sources */ = {isa = PBXBuildFile; fileRef = CBFB778A24D7ACD500224D18 /* LzVideoPreviewVC.m */; };
		CBFB779524D7EBC300224D18 /* LzPHAsset.m in Sources */ = {isa = PBXBuildFile; fileRef = CBFB779424D7EBC300224D18 /* LzPHAsset.m */; };
		CBFB779824D7F9A500224D18 /* LzImagePreviewVC.m in Sources */ = {isa = PBXBuildFile; fileRef = CBFB779724D7F9A500224D18 /* LzImagePreviewVC.m */; };
		CBFB9FCF24D41A5100CA2CA0 /* LzAlbumCC.m in Sources */ = {isa = PBXBuildFile; fileRef = CBFB9FCD24D41A5100CA2CA0 /* LzAlbumCC.m */; };
		FD6436DA23BDB35C00DFC6E0 /* LXFPlayerView.m in Sources */ = {isa = PBXBuildFile; fileRef = FD6436D923BDB35C00DFC6E0 /* LXFPlayerView.m */; };
		FD6436DD23BDB5E700DFC6E0 /* LXFCameraOperateView.m in Sources */ = {isa = PBXBuildFile; fileRef = FD6436DC23BDB5E700DFC6E0 /* LXFCameraOperateView.m */; };
		FD6436E123BDC63F00DFC6E0 /* WXCameraController.m in Sources */ = {isa = PBXBuildFile; fileRef = FD6436E023BDC63F00DFC6E0 /* WXCameraController.m */; };
		FD6436E323BDEC7B00DFC6E0 /* camera_use.png in Resources */ = {isa = PBXBuildFile; fileRef = FD6436E223BDEC7B00DFC6E0 /* camera_use.png */; };
		FD7180C923BA1F7B00EBE265 /* camera_exchange.png in Resources */ = {isa = PBXBuildFile; fileRef = FD7180C523BA1F7B00EBE265 /* camera_exchange.png */; };
		FD7180CB23BA1F7B00EBE265 /* camera_redo.png in Resources */ = {isa = PBXBuildFile; fileRef = FD7180C723BA1F7B00EBE265 /* camera_redo.png */; };
		FD7180CC23BA1F7B00EBE265 /* arrow_white_down.png in Resources */ = {isa = PBXBuildFile; fileRef = FD7180C823BA1F7B00EBE265 /* arrow_white_down.png */; };
		FD829D1F23B982F90066BD42 /* AppDelegate.m in Sources */ = {isa = PBXBuildFile; fileRef = FD829D1E23B982F90066BD42 /* AppDelegate.m */; };
		FD829D2223B982F90066BD42 /* SceneDelegate.m in Sources */ = {isa = PBXBuildFile; fileRef = FD829D2123B982F90066BD42 /* SceneDelegate.m */; };
		FD829D2523B982F90066BD42 /* ViewController.m in Sources */ = {isa = PBXBuildFile; fileRef = FD829D2423B982F90066BD42 /* ViewController.m */; };
		FD829D2823B982F90066BD42 /* Main.storyboard in Resources */ = {isa = PBXBuildFile; fileRef = FD829D2623B982F90066BD42 /* Main.storyboard */; };
		FD829D2A23B982FD0066BD42 /* Assets.xcassets in Resources */ = {isa = PBXBuildFile; fileRef = FD829D2923B982FD0066BD42 /* Assets.xcassets */; };
		FD829D2D23B982FD0066BD42 /* LaunchScreen.storyboard in Resources */ = {isa = PBXBuildFile; fileRef = FD829D2B23B982FD0066BD42 /* LaunchScreen.storyboard */; };
		FD829D3023B982FD0066BD42 /* main.m in Sources */ = {isa = PBXBuildFile; fileRef = FD829D2F23B982FD0066BD42 /* main.m */; };
		FD829D3823B987280066BD42 /* CaptureView.m in Sources */ = {isa = PBXBuildFile; fileRef = FD829D3723B987280066BD42 /* CaptureView.m */; };
		FD829D3B23B9CC410066BD42 /* LXFCameraManager.m in Sources */ = {isa = PBXBuildFile; fileRef = FD829D3A23B9CC410066BD42 /* LXFCameraManager.m */; };
/* End PBXBuildFile section */

/* Begin PBXFileReference section */
		CB6AD11424D2E75D00852665 /* LzAlbumVC.h */ = {isa = PBXFileReference; lastKnownFileType = sourcecode.c.h; path = LzAlbumVC.h; sourceTree = "<group>"; };
		CB6AD11524D2E75D00852665 /* LzAlbumVC.m */ = {isa = PBXFileReference; lastKnownFileType = sourcecode.c.objc; path = LzAlbumVC.m; sourceTree = "<group>"; };
		CB6AD11624D2E75D00852665 /* LzAlbumVC.xib */ = {isa = PBXFileReference; lastKnownFileType = file.xib; path = LzAlbumVC.xib; sourceTree = "<group>"; };
		CBE1C7C324DA91F4000CC0E9 /* LzJsAsset.h */ = {isa = PBXFileReference; lastKnownFileType = sourcecode.c.h; path = LzJsAsset.h; sourceTree = "<group>"; };
		CBE1C7C424DA91F4000CC0E9 /* LzJsAsset.m */ = {isa = PBXFileReference; lastKnownFileType = sourcecode.c.objc; path = LzJsAsset.m; sourceTree = "<group>"; };
		CBFB778524D7A31C00224D18 /* check_false.png */ = {isa = PBXFileReference; lastKnownFileType = image.png; path = check_false.png; sourceTree = "<group>"; };
		CBFB778624D7A31C00224D18 /* check_true.png */ = {isa = PBXFileReference; lastKnownFileType = image.png; path = check_true.png; sourceTree = "<group>"; };
		CBFB778924D7ACD500224D18 /* LzVideoPreviewVC.h */ = {isa = PBXFileReference; lastKnownFileType = sourcecode.c.h; path = LzVideoPreviewVC.h; sourceTree = "<group>"; };
		CBFB778A24D7ACD500224D18 /* LzVideoPreviewVC.m */ = {isa = PBXFileReference; lastKnownFileType = sourcecode.c.objc; path = LzVideoPreviewVC.m; sourceTree = "<group>"; };
		CBFB779324D7EBC300224D18 /* LzPHAsset.h */ = {isa = PBXFileReference; lastKnownFileType = sourcecode.c.h; path = LzPHAsset.h; sourceTree = "<group>"; };
		CBFB779424D7EBC300224D18 /* LzPHAsset.m */ = {isa = PBXFileReference; lastKnownFileType = sourcecode.c.objc; path = LzPHAsset.m; sourceTree = "<group>"; };
		CBFB779624D7F9A500224D18 /* LzImagePreviewVC.h */ = {isa = PBXFileReference; lastKnownFileType = sourcecode.c.h; path = LzImagePreviewVC.h; sourceTree = "<group>"; };
		CBFB779724D7F9A500224D18 /* LzImagePreviewVC.m */ = {isa = PBXFileReference; lastKnownFileType = sourcecode.c.objc; path = LzImagePreviewVC.m; sourceTree = "<group>"; };
		CBFB9FCC24D41A5100CA2CA0 /* LzAlbumCC.h */ = {isa = PBXFileReference; lastKnownFileType = sourcecode.c.h; path = LzAlbumCC.h; sourceTree = "<group>"; };
		CBFB9FCD24D41A5100CA2CA0 /* LzAlbumCC.m */ = {isa = PBXFileReference; lastKnownFileType = sourcecode.c.objc; path = LzAlbumCC.m; sourceTree = "<group>"; };
		FD6436D823BDB35C00DFC6E0 /* LXFPlayerView.h */ = {isa = PBXFileReference; lastKnownFileType = sourcecode.c.h; path = LXFPlayerView.h; sourceTree = "<group>"; };
		FD6436D923BDB35C00DFC6E0 /* LXFPlayerView.m */ = {isa = PBXFileReference; lastKnownFileType = sourcecode.c.objc; path = LXFPlayerView.m; sourceTree = "<group>"; };
		FD6436DB23BDB5E700DFC6E0 /* LXFCameraOperateView.h */ = {isa = PBXFileReference; lastKnownFileType = sourcecode.c.h; path = LXFCameraOperateView.h; sourceTree = "<group>"; };
		FD6436DC23BDB5E700DFC6E0 /* LXFCameraOperateView.m */ = {isa = PBXFileReference; lastKnownFileType = sourcecode.c.objc; path = LXFCameraOperateView.m; sourceTree = "<group>"; };
		FD6436DF23BDC63F00DFC6E0 /* WXCameraController.h */ = {isa = PBXFileReference; fileEncoding = 4; lastKnownFileType = sourcecode.c.h; path = WXCameraController.h; sourceTree = "<group>"; };
		FD6436E023BDC63F00DFC6E0 /* WXCameraController.m */ = {isa = PBXFileReference; fileEncoding = 4; lastKnownFileType = sourcecode.c.objc; path = WXCameraController.m; sourceTree = "<group>"; };
		FD6436E223BDEC7B00DFC6E0 /* camera_use.png */ = {isa = PBXFileReference; lastKnownFileType = image.png; path = camera_use.png; sourceTree = "<group>"; };
		FD7180C523BA1F7B00EBE265 /* camera_exchange.png */ = {isa = PBXFileReference; lastKnownFileType = image.png; path = camera_exchange.png; sourceTree = "<group>"; };
		FD7180C723BA1F7B00EBE265 /* camera_redo.png */ = {isa = PBXFileReference; lastKnownFileType = image.png; path = camera_redo.png; sourceTree = "<group>"; };
		FD7180C823BA1F7B00EBE265 /* arrow_white_down.png */ = {isa = PBXFileReference; lastKnownFileType = image.png; path = arrow_white_down.png; sourceTree = "<group>"; };
		FD829D1A23B982F90066BD42 /* CaptureView.app */ = {isa = PBXFileReference; explicitFileType = wrapper.application; includeInIndex = 0; path = CaptureView.app; sourceTree = BUILT_PRODUCTS_DIR; };
		FD829D1D23B982F90066BD42 /* AppDelegate.h */ = {isa = PBXFileReference; lastKnownFileType = sourcecode.c.h; path = AppDelegate.h; sourceTree = "<group>"; };
		FD829D1E23B982F90066BD42 /* AppDelegate.m */ = {isa = PBXFileReference; lastKnownFileType = sourcecode.c.objc; path = AppDelegate.m; sourceTree = "<group>"; };
		FD829D2023B982F90066BD42 /* SceneDelegate.h */ = {isa = PBXFileReference; lastKnownFileType = sourcecode.c.h; path = SceneDelegate.h; sourceTree = "<group>"; };
		FD829D2123B982F90066BD42 /* SceneDelegate.m */ = {isa = PBXFileReference; lastKnownFileType = sourcecode.c.objc; path = SceneDelegate.m; sourceTree = "<group>"; };
		FD829D2323B982F90066BD42 /* ViewController.h */ = {isa = PBXFileReference; lastKnownFileType = sourcecode.c.h; path = ViewController.h; sourceTree = "<group>"; };
		FD829D2423B982F90066BD42 /* ViewController.m */ = {isa = PBXFileReference; lastKnownFileType = sourcecode.c.objc; path = ViewController.m; sourceTree = "<group>"; };
		FD829D2723B982F90066BD42 /* Base */ = {isa = PBXFileReference; lastKnownFileType = file.storyboard; name = Base; path = Base.lproj/Main.storyboard; sourceTree = "<group>"; };
		FD829D2923B982FD0066BD42 /* Assets.xcassets */ = {isa = PBXFileReference; lastKnownFileType = folder.assetcatalog; path = Assets.xcassets; sourceTree = "<group>"; };
		FD829D2C23B982FD0066BD42 /* Base */ = {isa = PBXFileReference; lastKnownFileType = file.storyboard; name = Base; path = Base.lproj/LaunchScreen.storyboard; sourceTree = "<group>"; };
		FD829D2E23B982FD0066BD42 /* Info.plist */ = {isa = PBXFileReference; lastKnownFileType = text.plist.xml; path = Info.plist; sourceTree = "<group>"; };
		FD829D2F23B982FD0066BD42 /* main.m */ = {isa = PBXFileReference; lastKnownFileType = sourcecode.c.objc; path = main.m; sourceTree = "<group>"; };
		FD829D3623B987280066BD42 /* CaptureView.h */ = {isa = PBXFileReference; lastKnownFileType = sourcecode.c.h; path = CaptureView.h; sourceTree = "<group>"; };
		FD829D3723B987280066BD42 /* CaptureView.m */ = {isa = PBXFileReference; lastKnownFileType = sourcecode.c.objc; path = CaptureView.m; sourceTree = "<group>"; };
		FD829D3923B9CC410066BD42 /* LXFCameraManager.h */ = {isa = PBXFileReference; lastKnownFileType = sourcecode.c.h; path = LXFCameraManager.h; sourceTree = "<group>"; };
		FD829D3A23B9CC410066BD42 /* LXFCameraManager.m */ = {isa = PBXFileReference; lastKnownFileType = sourcecode.c.objc; path = LXFCameraManager.m; sourceTree = "<group>"; };
/* End PBXFileReference section */

/* Begin PBXFrameworksBuildPhase section */
		FD829D1723B982F90066BD42 /* Frameworks */ = {
			isa = PBXFrameworksBuildPhase;
			buildActionMask = 2147483647;
			files = (
			);
			runOnlyForDeploymentPostprocessing = 0;
		};
/* End PBXFrameworksBuildPhase section */

/* Begin PBXGroup section */
		CB6AD11324D2E73000852665 /* LzAlbum */ = {
			isa = PBXGroup;
			children = (
				CB6AD11424D2E75D00852665 /* LzAlbumVC.h */,
				CB6AD11524D2E75D00852665 /* LzAlbumVC.m */,
				CB6AD11624D2E75D00852665 /* LzAlbumVC.xib */,
				CBFB9FCC24D41A5100CA2CA0 /* LzAlbumCC.h */,
				CBFB9FCD24D41A5100CA2CA0 /* LzAlbumCC.m */,
				CBFB779624D7F9A500224D18 /* LzImagePreviewVC.h */,
				CBFB779724D7F9A500224D18 /* LzImagePreviewVC.m */,
				CBFB778924D7ACD500224D18 /* LzVideoPreviewVC.h */,
				CBFB778A24D7ACD500224D18 /* LzVideoPreviewVC.m */,
				CBFB779324D7EBC300224D18 /* LzPHAsset.h */,
				CBFB779424D7EBC300224D18 /* LzPHAsset.m */,
			);
			path = LzAlbum;
			sourceTree = "<group>";
		};
		FD6436DE23BDBC7200DFC6E0 /* LXFCamera */ = {
			isa = PBXGroup;
			children = (
				FD7180C823BA1F7B00EBE265 /* arrow_white_down.png */,
				FD7180C523BA1F7B00EBE265 /* camera_exchange.png */,
				FD7180C723BA1F7B00EBE265 /* camera_redo.png */,
				FD6436E223BDEC7B00DFC6E0 /* camera_use.png */,
				FD6436DF23BDC63F00DFC6E0 /* WXCameraController.h */,
				FD6436E023BDC63F00DFC6E0 /* WXCameraController.m */,
				FD829D3923B9CC410066BD42 /* LXFCameraManager.h */,
				FD829D3A23B9CC410066BD42 /* LXFCameraManager.m */,
				FD829D3623B987280066BD42 /* CaptureView.h */,
				FD829D3723B987280066BD42 /* CaptureView.m */,
				FD6436D823BDB35C00DFC6E0 /* LXFPlayerView.h */,
				FD6436D923BDB35C00DFC6E0 /* LXFPlayerView.m */,
				FD6436DB23BDB5E700DFC6E0 /* LXFCameraOperateView.h */,
				FD6436DC23BDB5E700DFC6E0 /* LXFCameraOperateView.m */,
			);
			path = LXFCamera;
			sourceTree = "<group>";
		};
		FD829D1123B982F90066BD42 = {
			isa = PBXGroup;
			children = (
				FD829D1C23B982F90066BD42 /* CaptureView */,
				FD829D1B23B982F90066BD42 /* Products */,
			);
			sourceTree = "<group>";
		};
		FD829D1B23B982F90066BD42 /* Products */ = {
			isa = PBXGroup;
			children = (
				FD829D1A23B982F90066BD42 /* CaptureView.app */,
			);
			name = Products;
			sourceTree = "<group>";
		};
		FD829D1C23B982F90066BD42 /* CaptureView */ = {
			isa = PBXGroup;
			children = (
				CB6AD11324D2E73000852665 /* LzAlbum */,
				FD6436DE23BDBC7200DFC6E0 /* LXFCamera */,
				FD829D2323B982F90066BD42 /* ViewController.h */,
				FD829D2423B982F90066BD42 /* ViewController.m */,
				CBE1C7C324DA91F4000CC0E9 /* LzJsAsset.h */,
				CBE1C7C424DA91F4000CC0E9 /* LzJsAsset.m */,
				FD829D1D23B982F90066BD42 /* AppDelegate.h */,
				FD829D1E23B982F90066BD42 /* AppDelegate.m */,
				CBFB778524D7A31C00224D18 /* check_false.png */,
				CBFB778624D7A31C00224D18 /* check_true.png */,
				FD829D2023B982F90066BD42 /* SceneDelegate.h */,
				FD829D2123B982F90066BD42 /* SceneDelegate.m */,
				FD829D2623B982F90066BD42 /* Main.storyboard */,
				FD829D2923B982FD0066BD42 /* Assets.xcassets */,
				FD829D2B23B982FD0066BD42 /* LaunchScreen.storyboard */,
				FD829D2E23B982FD0066BD42 /* Info.plist */,
				FD829D2F23B982FD0066BD42 /* main.m */,
			);
			path = CaptureView;
			sourceTree = "<group>";
		};
/* End PBXGroup section */

/* Begin PBXNativeTarget section */
		FD829D1923B982F90066BD42 /* CaptureView */ = {
			isa = PBXNativeTarget;
			buildConfigurationList = FD829D3323B982FD0066BD42 /* Build configuration list for PBXNativeTarget "CaptureView" */;
			buildPhases = (
				FD829D1623B982F90066BD42 /* Sources */,
				FD829D1723B982F90066BD42 /* Frameworks */,
				FD829D1823B982F90066BD42 /* Resources */,
			);
			buildRules = (
			);
			dependencies = (
			);
			name = CaptureView;
			productName = CaptureView;
			productReference = FD829D1A23B982F90066BD42 /* CaptureView.app */;
			productType = "com.apple.product-type.application";
		};
/* End PBXNativeTarget section */

/* Begin PBXProject section */
		FD829D1223B982F90066BD42 /* Project object */ = {
			isa = PBXProject;
			attributes = {
				LastUpgradeCheck = 1120;
				ORGANIZATIONNAME = lxf;
				TargetAttributes = {
					FD829D1923B982F90066BD42 = {
						CreatedOnToolsVersion = 11.2.1;
					};
				};
			};
			buildConfigurationList = FD829D1523B982F90066BD42 /* Build configuration list for PBXProject "CaptureView" */;
			compatibilityVersion = "Xcode 9.3";
			developmentRegion = en;
			hasScannedForEncodings = 0;
			knownRegions = (
				en,
				Base,
			);
			mainGroup = FD829D1123B982F90066BD42;
			productRefGroup = FD829D1B23B982F90066BD42 /* Products */;
			projectDirPath = "";
			projectRoot = "";
			targets = (
				FD829D1923B982F90066BD42 /* CaptureView */,
			);
		};
/* End PBXProject section */

/* Begin PBXResourcesBuildPhase section */
		FD829D1823B982F90066BD42 /* Resources */ = {
			isa = PBXResourcesBuildPhase;
			buildActionMask = 2147483647;
			files = (
				FD7180CB23BA1F7B00EBE265 /* camera_redo.png in Resources */,
				FD829D2D23B982FD0066BD42 /* LaunchScreen.storyboard in Resources */,
				CB6AD11824D2E75D00852665 /* LzAlbumVC.xib in Resources */,
				FD6436E323BDEC7B00DFC6E0 /* camera_use.png in Resources */,
				FD7180C923BA1F7B00EBE265 /* camera_exchange.png in Resources */,
				FD7180CC23BA1F7B00EBE265 /* arrow_white_down.png in Resources */,
				FD829D2A23B982FD0066BD42 /* Assets.xcassets in Resources */,
				CBFB778724D7A31C00224D18 /* check_false.png in Resources */,
				CBFB778824D7A31C00224D18 /* check_true.png in Resources */,
				FD829D2823B982F90066BD42 /* Main.storyboard in Resources */,
			);
			runOnlyForDeploymentPostprocessing = 0;
		};
/* End PBXResourcesBuildPhase section */

/* Begin PBXSourcesBuildPhase section */
		FD829D1623B982F90066BD42 /* Sources */ = {
			isa = PBXSourcesBuildPhase;
			buildActionMask = 2147483647;
			files = (
				FD6436DA23BDB35C00DFC6E0 /* LXFPlayerView.m in Sources */,
				CBFB779824D7F9A500224D18 /* LzImagePreviewVC.m in Sources */,
				FD6436E123BDC63F00DFC6E0 /* WXCameraController.m in Sources */,
				CBFB9FCF24D41A5100CA2CA0 /* LzAlbumCC.m in Sources */,
				FD829D2523B982F90066BD42 /* ViewController.m in Sources */,
				CBE1C7C524DA91F4000CC0E9 /* LzJsAsset.m in Sources */,
				CBFB779524D7EBC300224D18 /* LzPHAsset.m in Sources */,
				FD829D1F23B982F90066BD42 /* AppDelegate.m in Sources */,
				CB6AD11724D2E75D00852665 /* LzAlbumVC.m in Sources */,
				FD829D3823B987280066BD42 /* CaptureView.m in Sources */,
				FD829D3023B982FD0066BD42 /* main.m in Sources */,
				FD829D3B23B9CC410066BD42 /* LXFCameraManager.m in Sources */,
				CBFB778C24D7ACD500224D18 /* LzVideoPreviewVC.m in Sources */,
				FD829D2223B982F90066BD42 /* SceneDelegate.m in Sources */,
				FD6436DD23BDB5E700DFC6E0 /* LXFCameraOperateView.m in Sources */,
			);
			runOnlyForDeploymentPostprocessing = 0;
		};
/* End PBXSourcesBuildPhase section */

/* Begin PBXVariantGroup section */
		FD829D2623B982F90066BD42 /* Main.storyboard */ = {
			isa = PBXVariantGroup;
			children = (
				FD829D2723B982F90066BD42 /* Base */,
			);
			name = Main.storyboard;
			sourceTree = "<group>";
		};
		FD829D2B23B982FD0066BD42 /* LaunchScreen.storyboard */ = {
			isa = PBXVariantGroup;
			children = (
				FD829D2C23B982FD0066BD42 /* Base */,
			);
			name = LaunchScreen.storyboard;
			sourceTree = "<group>";
		};
/* End PBXVariantGroup section */

/* Begin XCBuildConfiguration section */
		FD829D3123B982FD0066BD42 /* Debug */ = {
			isa = XCBuildConfiguration;
			buildSettings = {
				ALWAYS_SEARCH_USER_PATHS = NO;
				CLANG_ANALYZER_NONNULL = YES;
				CLANG_ANALYZER_NUMBER_OBJECT_CONVERSION = YES_AGGRESSIVE;
				CLANG_CXX_LANGUAGE_STANDARD = "gnu++14";
				CLANG_CXX_LIBRARY = "libc++";
				CLANG_ENABLE_MODULES = YES;
				CLANG_ENABLE_OBJC_ARC = YES;
				CLANG_ENABLE_OBJC_WEAK = YES;
				CLANG_WARN_BLOCK_CAPTURE_AUTORELEASING = YES;
				CLANG_WARN_BOOL_CONVERSION = YES;
				CLANG_WARN_COMMA = YES;
				CLANG_WARN_CONSTANT_CONVERSION = YES;
				CLANG_WARN_DEPRECATED_OBJC_IMPLEMENTATIONS = YES;
				CLANG_WARN_DIRECT_OBJC_ISA_USAGE = YES_ERROR;
				CLANG_WARN_DOCUMENTATION_COMMENTS = YES;
				CLANG_WARN_EMPTY_BODY = YES;
				CLANG_WARN_ENUM_CONVERSION = YES;
				CLANG_WARN_INFINITE_RECURSION = YES;
				CLANG_WARN_INT_CONVERSION = YES;
				CLANG_WARN_NON_LITERAL_NULL_CONVERSION = YES;
				CLANG_WARN_OBJC_IMPLICIT_RETAIN_SELF = YES;
				CLANG_WARN_OBJC_LITERAL_CONVERSION = YES;
				CLANG_WARN_OBJC_ROOT_CLASS = YES_ERROR;
				CLANG_WARN_RANGE_LOOP_ANALYSIS = YES;
				CLANG_WARN_STRICT_PROTOTYPES = YES;
				CLANG_WARN_SUSPICIOUS_MOVE = YES;
				CLANG_WARN_UNGUARDED_AVAILABILITY = YES_AGGRESSIVE;
				CLANG_WARN_UNREACHABLE_CODE = YES;
				CLANG_WARN__DUPLICATE_METHOD_MATCH = YES;
				COPY_PHASE_STRIP = NO;
				DEBUG_INFORMATION_FORMAT = dwarf;
				ENABLE_STRICT_OBJC_MSGSEND = YES;
				ENABLE_TESTABILITY = YES;
				GCC_C_LANGUAGE_STANDARD = gnu11;
				GCC_DYNAMIC_NO_PIC = NO;
				GCC_NO_COMMON_BLOCKS = YES;
				GCC_OPTIMIZATION_LEVEL = 0;
				GCC_PREPROCESSOR_DEFINITIONS = (
					"DEBUG=1",
					"$(inherited)",
				);
				GCC_WARN_64_TO_32_BIT_CONVERSION = YES;
				GCC_WARN_ABOUT_RETURN_TYPE = YES_ERROR;
				GCC_WARN_UNDECLARED_SELECTOR = YES;
				GCC_WARN_UNINITIALIZED_AUTOS = YES_AGGRESSIVE;
				GCC_WARN_UNUSED_FUNCTION = YES;
				GCC_WARN_UNUSED_VARIABLE = YES;
				IPHONEOS_DEPLOYMENT_TARGET = 10.0;
				MTL_ENABLE_DEBUG_INFO = INCLUDE_SOURCE;
				MTL_FAST_MATH = YES;
				ONLY_ACTIVE_ARCH = YES;
				SDKROOT = iphoneos;
			};
			name = Debug;
		};
		FD829D3223B982FD0066BD42 /* Release */ = {
			isa = XCBuildConfiguration;
			buildSettings = {
				ALWAYS_SEARCH_USER_PATHS = NO;
				CLANG_ANALYZER_NONNULL = YES;
				CLANG_ANALYZER_NUMBER_OBJECT_CONVERSION = YES_AGGRESSIVE;
				CLANG_CXX_LANGUAGE_STANDARD = "gnu++14";
				CLANG_CXX_LIBRARY = "libc++";
				CLANG_ENABLE_MODULES = YES;
				CLANG_ENABLE_OBJC_ARC = YES;
				CLANG_ENABLE_OBJC_WEAK = YES;
				CLANG_WARN_BLOCK_CAPTURE_AUTORELEASING = YES;
				CLANG_WARN_BOOL_CONVERSION = YES;
				CLANG_WARN_COMMA = YES;
				CLANG_WARN_CONSTANT_CONVERSION = YES;
				CLANG_WARN_DEPRECATED_OBJC_IMPLEMENTATIONS = YES;
				CLANG_WARN_DIRECT_OBJC_ISA_USAGE = YES_ERROR;
				CLANG_WARN_DOCUMENTATION_COMMENTS = YES;
				CLANG_WARN_EMPTY_BODY = YES;
				CLANG_WARN_ENUM_CONVERSION = YES;
				CLANG_WARN_INFINITE_RECURSION = YES;
				CLANG_WARN_INT_CONVERSION = YES;
				CLANG_WARN_NON_LITERAL_NULL_CONVERSION = YES;
				CLANG_WARN_OBJC_IMPLICIT_RETAIN_SELF = YES;
				CLANG_WARN_OBJC_LITERAL_CONVERSION = YES;
				CLANG_WARN_OBJC_ROOT_CLASS = YES_ERROR;
				CLANG_WARN_RANGE_LOOP_ANALYSIS = YES;
				CLANG_WARN_STRICT_PROTOTYPES = YES;
				CLANG_WARN_SUSPICIOUS_MOVE = YES;
				CLANG_WARN_UNGUARDED_AVAILABILITY = YES_AGGRESSIVE;
				CLANG_WARN_UNREACHABLE_CODE = YES;
				CLANG_WARN__DUPLICATE_METHOD_MATCH = YES;
				COPY_PHASE_STRIP = NO;
				DEBUG_INFORMATION_FORMAT = "dwarf-with-dsym";
				ENABLE_NS_ASSERTIONS = NO;
				ENABLE_STRICT_OBJC_MSGSEND = YES;
				GCC_C_LANGUAGE_STANDARD = gnu11;
				GCC_NO_COMMON_BLOCKS = YES;
				GCC_WARN_64_TO_32_BIT_CONVERSION = YES;
				GCC_WARN_ABOUT_RETURN_TYPE = YES_ERROR;
				GCC_WARN_UNDECLARED_SELECTOR = YES;
				GCC_WARN_UNINITIALIZED_AUTOS = YES_AGGRESSIVE;
				GCC_WARN_UNUSED_FUNCTION = YES;
				GCC_WARN_UNUSED_VARIABLE = YES;
				IPHONEOS_DEPLOYMENT_TARGET = 10.0;
				MTL_ENABLE_DEBUG_INFO = NO;
				MTL_FAST_MATH = YES;
				SDKROOT = iphoneos;
				VALIDATE_PRODUCT = YES;
			};
			name = Release;
		};
		FD829D3423B982FD0066BD42 /* Debug */ = {
			isa = XCBuildConfiguration;
			buildSettings = {
				ASSETCATALOG_COMPILER_APPICON_NAME = AppIcon;
				CODE_SIGN_STYLE = Automatic;
				DEVELOPMENT_TEAM = 7674N8JF99;
				ENABLE_STRICT_OBJC_MSGSEND = YES;
				INFOPLIST_FILE = CaptureView/Info.plist;
				IPHONEOS_DEPLOYMENT_TARGET = 10.0;
				LD_RUNPATH_SEARCH_PATHS = (
					"$(inherited)",
					"@executable_path/Frameworks",
				);
				PRODUCT_BUNDLE_IDENTIFIER = com.lz.lxf.CaptureView;
				PRODUCT_NAME = "$(TARGET_NAME)";
				TARGETED_DEVICE_FAMILY = 1;
			};
			name = Debug;
		};
		FD829D3523B982FD0066BD42 /* Release */ = {
			isa = XCBuildConfiguration;
			buildSettings = {
				ASSETCATALOG_COMPILER_APPICON_NAME = AppIcon;
				CODE_SIGN_STYLE = Automatic;
				DEVELOPMENT_TEAM = 7674N8JF99;
				ENABLE_STRICT_OBJC_MSGSEND = YES;
				INFOPLIST_FILE = CaptureView/Info.plist;
				IPHONEOS_DEPLOYMENT_TARGET = 10.0;
				LD_RUNPATH_SEARCH_PATHS = (
					"$(inherited)",
					"@executable_path/Frameworks",
				);
				PRODUCT_BUNDLE_IDENTIFIER = com.lz.lxf.CaptureView;
				PRODUCT_NAME = "$(TARGET_NAME)";
				TARGETED_DEVICE_FAMILY = 1;
			};
			name = Release;
		};
/* End XCBuildConfiguration section */

/* Begin XCConfigurationList section */
		FD829D1523B982F90066BD42 /* Build configuration list for PBXProject "CaptureView" */ = {
			isa = XCConfigurationList;
			buildConfigurations = (
				FD829D3123B982FD0066BD42 /* Debug */,
				FD829D3223B982FD0066BD42 /* Release */,
			);
			defaultConfigurationIsVisible = 0;
			defaultConfigurationName = Release;
		};
		FD829D3323B982FD0066BD42 /* Build configuration list for PBXNativeTarget "CaptureView" */ = {
			isa = XCConfigurationList;
			buildConfigurations = (
				FD829D3423B982FD0066BD42 /* Debug */,
				FD829D3523B982FD0066BD42 /* Release */,
			);
			defaultConfigurationIsVisible = 0;
			defaultConfigurationName = Release;
		};
/* End XCConfigurationList section */
	};
	rootObject = FD829D1223B982F90066BD42 /* Project object */;
}
